
Microsoft Visual Studio Solution File, Format Version 12.00
# Visual Studio Version 16
VisualStudioVersion = 16.0.29905.134
MinimumVisualStudioVersion = 10.0.40219.1
Project("{9A19103F-16F7-4668-BE54-9A1E7A4F7556}") = "1_CSharp_Assignment", "1_CSharp_Assignment\1_CSharp_Assignment.csproj", "{14003F51-E7FB-4EDA-8F59-44987752850F}"
EndProject
Project("{2150E333-8FDC-42A3-9474-1A3956D46DE8}") = "Data", "Data", "{2EE769C3-8862-4BEB-9F3F-1F2EFAF9C8C2}"
	ProjectSection(SolutionItems) = preProject
		Data\data.txt = Data\data.txt
	EndProjectSection
EndProject
Project("{00D1A9C2-B5F0-4AF3-8072-F6C62B433612}") = "2_SQL_Assignment", "2_SQL_Assignment\2_SQL_Assignment.sqlproj", "{753E3D15-8B4A-4752-A163-B0A89B2BF2F9}"
EndProject
Global
	GlobalSection(SolutionConfigurationPlatforms) = preSolution
		Debug|Any CPU = Debug|Any CPU
		Release|Any CPU = Release|Any CPU
	EndGlobalSection
	GlobalSection(ProjectConfigurationPlatforms) = postSolution
		{14003F51-E7FB-4EDA-8F59-44987752850F}.Debug|Any CPU.ActiveCfg = Debug|Any CPU
		{14003F51-E7FB-4EDA-8F59-44987752850F}.Debug|Any CPU.Build.0 = Debug|Any CPU
		{14003F51-E7FB-4EDA-8F59-44987752850F}.Release|Any CPU.ActiveCfg = Release|Any CPU
		{14003F51-E7FB-4EDA-8F59-44987752850F}.Release|Any CPU.Build.0 = Release|Any CPU
		{753E3D15-8B4A-4752-A163-B0A89B2BF2F9}.Debug|Any CPU.ActiveCfg = Debug|Any CPU
		{753E3D15-8B4A-4752-A163-B0A89B2BF2F9}.Debug|Any CPU.Build.0 = Debug|Any CPU
		{753E3D15-8B4A-4752-A163-B0A89B2BF2F9}.Debug|Any CPU.Deploy.0 = Debug|Any CPU
		{753E3D15-8B4A-4752-A163-B0A89B2BF2F9}.Release|Any CPU.ActiveCfg = Release|Any CPU
		{753E3D15-8B4A-4752-A163-B0A89B2BF2F9}.Release|Any CPU.Build.0 = Release|Any CPU
		{753E3D15-8B4A-4752-A163-B0A89B2BF2F9}.Release|Any CPU.Deploy.0 = Release|Any CPU
	EndGlobalSection
	GlobalSection(SolutionProperties) = preSolution
		HideSolutionNode = FALSE
	EndGlobalSection
	GlobalSection(ExtensibilityGlobals) = postSolution
		SolutionGuid = {DEB06DAD-FEEA-4A1F-8017-78CCA768130F}
	EndGlobalSection
EndGlobal
